// !$*UTF8*$!
{
	archiveVersion = 1;
	classes = {
	};
	objectVersion = 50;
	objects = {

/* Begin PBXBuildFile section */
		26E47E012519A99200CE1776 /* AppDelegate.m in Sources */ = {isa = PBXBuildFile; fileRef = 26E47E002519A99200CE1776 /* AppDelegate.m */; };
		26E47E0C2519A99400CE1776 /* Assets.xcassets in Resources */ = {isa = PBXBuildFile; fileRef = 26E47E0B2519A99400CE1776 /* Assets.xcassets */; };
		26E47E122519A99400CE1776 /* main.m in Sources */ = {isa = PBXBuildFile; fileRef = 26E47E112519A99400CE1776 /* main.m */; };
		26E47E1C2519A99400CE1776 /* zybbTests.m in Sources */ = {isa = PBXBuildFile; fileRef = 26E47E1B2519A99400CE1776 /* zybbTests.m */; };
		26E47E272519A99400CE1776 /* zybbUITests.m in Sources */ = {isa = PBXBuildFile; fileRef = 26E47E262519A99400CE1776 /* zybbUITests.m */; };
		26E47E422519AE4C00CE1776 /* ViewController.m in Sources */ = {isa = PBXBuildFile; fileRef = 26E47E412519AE4C00CE1776 /* ViewController.m */; };
/* End PBXBuildFile section */

/* Begin PBXContainerItemProxy section */
		26E47E182519A99400CE1776 /* PBXContainerItemProxy */ = {
			isa = PBXContainerItemProxy;
			containerPortal = 26E47DF42519A99200CE1776 /* Project object */;
			proxyType = 1;
			remoteGlobalIDString = 26E47DFB2519A99200CE1776;
			remoteInfo = zybb;
		};
		26E47E232519A99400CE1776 /* PBXContainerItemProxy */ = {
			isa = PBXContainerItemProxy;
			containerPortal = 26E47DF42519A99200CE1776 /* Project object */;
			proxyType = 1;
			remoteGlobalIDString = 26E47DFB2519A99200CE1776;
			remoteInfo = zybb;
		};
/* End PBXContainerItemProxy section */

/* Begin PBXFileReference section */
		26E47DFC2519A99200CE1776 /* zybb.app */ = {isa = PBXFileReference; explicitFileType = wrapper.application; includeInIndex = 0; path = zybb.app; sourceTree = BUILT_PRODUCTS_DIR; };
		26E47DFF2519A99200CE1776 /* AppDelegate.h */ = {isa = PBXFileReference; lastKnownFileType = sourcecode.c.h; path = AppDelegate.h; sourceTree = "<group>"; };
		26E47E002519A99200CE1776 /* AppDelegate.m */ = {isa = PBXFileReference; lastKnownFileType = sourcecode.c.objc; path = AppDelegate.m; sourceTree = "<group>"; };
		26E47E0B2519A99400CE1776 /* Assets.xcassets */ = {isa = PBXFileReference; lastKnownFileType = folder.assetcatalog; path = Assets.xcassets; sourceTree = "<group>"; };
		26E47E102519A99400CE1776 /* Info.plist */ = {isa = PBXFileReference; lastKnownFileType = text.plist.xml; path = Info.plist; sourceTree = "<group>"; };
		26E47E112519A99400CE1776 /* main.m */ = {isa = PBXFileReference; lastKnownFileType = sourcecode.c.objc; path = main.m; sourceTree = "<group>"; };
		26E47E172519A99400CE1776 /* zybbTests.xctest */ = {isa = PBXFileReference; explicitFileType = wrapper.cfbundle; includeInIndex = 0; path = zybbTests.xctest; sourceTree = BUILT_PRODUCTS_DIR; };
		26E47E1B2519A99400CE1776 /* zybbTests.m */ = {isa = PBXFileReference; lastKnownFileType = sourcecode.c.objc; path = zybbTests.m; sourceTree = "<group>"; };
		26E47E1D2519A99400CE1776 /* Info.plist */ = {isa = PBXFileReference; lastKnownFileType = text.plist.xml; path = Info.plist; sourceTree = "<group>"; };
		26E47E222519A99400CE1776 /* zybbUITests.xctest */ = {isa = PBXFileReference; explicitFileType = wrapper.cfbundle; includeInIndex = 0; path = zybbUITests.xctest; sourceTree = BUILT_PRODUCTS_DIR; };
		26E47E262519A99400CE1776 /* zybbUITests.m */ = {isa = PBXFileReference; lastKnownFileType = sourcecode.c.objc; path = zybbUITests.m; sourceTree = "<group>"; };
		26E47E282519A99400CE1776 /* Info.plist */ = {isa = PBXFileReference; lastKnownFileType = text.plist.xml; path = Info.plist; sourceTree = "<group>"; };
		26E47E402519AE4C00CE1776 /* ViewController.h */ = {isa = PBXFileReference; lastKnownFileType = sourcecode.c.h; path = ViewController.h; sourceTree = "<group>"; };
		26E47E412519AE4C00CE1776 /* ViewController.m */ = {isa = PBXFileReference; lastKnownFileType = sourcecode.c.objc; path = ViewController.m; sourceTree = "<group>"; };
/* End PBXFileReference section */

/* Begin PBXFrameworksBuildPhase section */
		26E47DF92519A99200CE1776 /* Frameworks */ = {
			isa = PBXFrameworksBuildPhase;
			buildActionMask = 2147483647;
			files = (
			);
			runOnlyForDeploymentPostprocessing = 0;
		};
		26E47E142519A99400CE1776 /* Frameworks */ = {
			isa = PBXFrameworksBuildPhase;
			buildActionMask = 2147483647;
			files = (
			);
			runOnlyForDeploymentPostprocessing = 0;
		};
		26E47E1F2519A99400CE1776 /* Frameworks */ = {
			isa = PBXFrameworksBuildPhase;
			buildActionMask = 2147483647;
			files = (
			);
			runOnlyForDeploymentPostprocessing = 0;
		};
/* End PBXFrameworksBuildPhase section */

/* Begin PBXGroup section */
		26E47DF32519A99200CE1776 = {
			isa = PBXGroup;
			children = (
				26E47DFE2519A99200CE1776 /* zybb */,
				26E47E1A2519A99400CE1776 /* zybbTests */,
				26E47E252519A99400CE1776 /* zybbUITests */,
				26E47DFD2519A99200CE1776 /* Products */,
			);
			sourceTree = "<group>";
		};
		26E47DFD2519A99200CE1776 /* Products */ = {
			isa = PBXGroup;
			children = (
				26E47DFC2519A99200CE1776 /* zybb.app */,
				26E47E172519A99400CE1776 /* zybbTests.xctest */,
				26E47E222519A99400CE1776 /* zybbUITests.xctest */,
			);
			name = Products;
			sourceTree = "<group>";
		};
		26E47DFE2519A99200CE1776 /* zybb */ = {
			isa = PBXGroup;
			children = (
				26E47DFF2519A99200CE1776 /* AppDelegate.h */,
				26E47E002519A99200CE1776 /* AppDelegate.m */,
				26E47E402519AE4C00CE1776 /* ViewController.h */,
				26E47E412519AE4C00CE1776 /* ViewController.m */,
				26E47E0B2519A99400CE1776 /* Assets.xcassets */,
				26E47E102519A99400CE1776 /* Info.plist */,
				26E47E112519A99400CE1776 /* main.m */,
			);
			path = zybb;
			sourceTree = "<group>";
		};
		26E47E1A2519A99400CE1776 /* zybbTests */ = {
			isa = PBXGroup;
			children = (
				26E47E1B2519A99400CE1776 /* zybbTests.m */,
				26E47E1D2519A99400CE1776 /* Info.plist */,
			);
			path = zybbTests;
			sourceTree = "<group>";
		};
		26E47E252519A99400CE1776 /* zybbUITests */ = {
			isa = PBXGroup;
			children = (
				26E47E262519A99400CE1776 /* zybbUITests.m */,
				26E47E282519A99400CE1776 /* Info.plist */,
			);
			path = zybbUITests;
			sourceTree = "<group>";
		};
/* End PBXGroup section */

/* Begin PBXNativeTarget section */
		26E47DFB2519A99200CE1776 /* zybb */ = {
			isa = PBXNativeTarget;
			buildConfigurationList = 26E47E2B2519A99400CE1776 /* Build configuration list for PBXNativeTarget "zybb" */;
			buildPhases = (
				26E47DF82519A99200CE1776 /* Sources */,
				26E47DF92519A99200CE1776 /* Frameworks */,
				26E47DFA2519A99200CE1776 /* Resources */,
			);
			buildRules = (
			);
			dependencies = (
			);
			name = zybb;
			productName = zybb;
			productReference = 26E47DFC2519A99200CE1776 /* zybb.app */;
			productType = "com.apple.product-type.application";
		};
		26E47E162519A99400CE1776 /* zybbTests */ = {
			isa = PBXNativeTarget;
			buildConfigurationList = 26E47E2E2519A99400CE1776 /* Build configuration list for PBXNativeTarget "zybbTests" */;
			buildPhases = (
				26E47E132519A99400CE1776 /* Sources */,
				26E47E142519A99400CE1776 /* Frameworks */,
				26E47E152519A99400CE1776 /* Resources */,
			);
			buildRules = (
			);
			dependencies = (
				26E47E192519A99400CE1776 /* PBXTargetDependency */,
			);
			name = zybbTests;
			productName = zybbTests;
			productReference = 26E47E172519A99400CE1776 /* zybbTests.xctest */;
			productType = "com.apple.product-type.bundle.unit-test";
		};
		26E47E212519A99400CE1776 /* zybbUITests */ = {
			isa = PBXNativeTarget;
			buildConfigurationList = 26E47E312519A99400CE1776 /* Build configuration list for PBXNativeTarget "zybbUITests" */;
			buildPhases = (
				26E47E1E2519A99400CE1776 /* Sources */,
				26E47E1F2519A99400CE1776 /* Frameworks */,
				26E47E202519A99400CE1776 /* Resources */,
			);
			buildRules = (
			);
			dependencies = (
				26E47E242519A99400CE1776 /* PBXTargetDependency */,
			);
			name = zybbUITests;
			productName = zybbUITests;
			productReference = 26E47E222519A99400CE1776 /* zybbUITests.xctest */;
			productType = "com.apple.product-type.bundle.ui-testing";
		};
/* End PBXNativeTarget section */

/* Begin PBXProject section */
		26E47DF42519A99200CE1776 /* Project object */ = {
			isa = PBXProject;
			attributes = {
				LastUpgradeCheck = 1200;
				TargetAttributes = {
					26E47DFB2519A99200CE1776 = {
						CreatedOnToolsVersion = 12.0;
					};
					26E47E162519A99400CE1776 = {
						CreatedOnToolsVersion = 12.0;
						TestTargetID = 26E47DFB2519A99200CE1776;
					};
					26E47E212519A99400CE1776 = {
						CreatedOnToolsVersion = 12.0;
						TestTargetID = 26E47DFB2519A99200CE1776;
					};
				};
			};
			buildConfigurationList = 26E47DF72519A99200CE1776 /* Build configuration list for PBXProject "zybb" */;
			compatibilityVersion = "Xcode 9.3";
			developmentRegion = en;
			hasScannedForEncodings = 0;
			knownRegions = (
				en,
				Base,
			);
			mainGroup = 26E47DF32519A99200CE1776;
			productRefGroup = 26E47DFD2519A99200CE1776 /* Products */;
			projectDirPath = "";
			projectRoot = "";
			targets = (
				26E47DFB2519A99200CE1776 /* zybb */,
				26E47E162519A99400CE1776 /* zybbTests */,
				26E47E212519A99400CE1776 /* zybbUITests */,
			);
		};
/* End PBXProject section */

/* Begin PBXResourcesBuildPhase section */
		26E47DFA2519A99200CE1776 /* Resources */ = {
			isa = PBXResourcesBuildPhase;
			buildActionMask = 2147483647;
			files = (
				26E47E0C2519A99400CE1776 /* Assets.xcassets in Resources */,
			);
			runOnlyForDeploymentPostprocessing = 0;
		};
		26E47E152519A99400CE1776 /* Resources */ = {
			isa = PBXResourcesBuildPhase;
			buildActionMask = 2147483647;
			files = (
			);
			runOnlyForDeploymentPostprocessing = 0;
		};
		26E47E202519A99400CE1776 /* Resources */ = {
			isa = PBXResourcesBuildPhase;
			buildActionMask = 2147483647;
			files = (
			);
			runOnlyForDeploymentPostprocessing = 0;
		};
/* End PBXResourcesBuildPhase section */

/* Begin PBXSourcesBuildPhase section */
		26E47DF82519A99200CE1776 /* Sources */ = {
			isa = PBXSourcesBuildPhase;
			buildActionMask = 2147483647;
			files = (
				26E47E422519AE4C00CE1776 /* ViewController.m in Sources */,
				26E47E012519A99200CE1776 /* AppDelegate.m in Sources */,
				26E47E122519A99400CE1776 /* main.m in Sources */,
			);
			runOnlyForDeploymentPostprocessing = 0;
		};
		26E47E132519A99400CE1776 /* Sources */ = {
			isa = PBXSourcesBuildPhase;
			buildActionMask = 2147483647;
			files = (
				26E47E1C2519A99400CE1776 /* zybbTests.m in Sources */,
			);
			runOnlyForDeploymentPostprocessing = 0;
		};
		26E47E1E2519A99400CE1776 /* Sources */ = {
			isa = PBXSourcesBuildPhase;
			buildActionMask = 2147483647;
			files = (
				26E47E272519A99400CE1776 /* zybbUITests.m in Sources */,
			);
			runOnlyForDeploymentPostprocessing = 0;
		};
/* End PBXSourcesBuildPhase section */

/* Begin PBXTargetDependency section */
		26E47E192519A99400CE1776 /* PBXTargetDependency */ = {
			isa = PBXTargetDependency;
			target = 26E47DFB2519A99200CE1776 /* zybb */;
			targetProxy = 26E47E182519A99400CE1776 /* PBXContainerItemProxy */;
		};
		26E47E242519A99400CE1776 /* PBXTargetDependency */ = {
			isa = PBXTargetDependency;
			target = 26E47DFB2519A99200CE1776 /* zybb */;
			targetProxy = 26E47E232519A99400CE1776 /* PBXContainerItemProxy */;
		};
/* End PBXTargetDependency section */

/* Begin XCBuildConfiguration section */
		26E47E292519A99400CE1776 /* Debug */ = {
			isa = XCBuildConfiguration;
			buildSettings = {
				ALWAYS_SEARCH_USER_PATHS = NO;
				CLANG_ANALYZER_NONNULL = YES;
				CLANG_ANALYZER_NUMBER_OBJECT_CONVERSION = YES_AGGRESSIVE;
				CLANG_CXX_LANGUAGE_STANDARD = "gnu++14";
				CLANG_CXX_LIBRARY = "libc++";
				CLANG_ENABLE_MODULES = YES;
				CLANG_ENABLE_OBJC_ARC = YES;
				CLANG_ENABLE_OBJC_WEAK = YES;
				CLANG_WARN_BLOCK_CAPTURE_AUTORELEASING = YES;
				CLANG_WARN_BOOL_CONVERSION = YES;
				CLANG_WARN_COMMA = YES;
				CLANG_WARN_CONSTANT_CONVERSION = YES;
				CLANG_WARN_DEPRECATED_OBJC_IMPLEMENTATIONS = YES;
				CLANG_WARN_DIRECT_OBJC_ISA_USAGE = YES_ERROR;
				CLANG_WARN_DOCUMENTATION_COMMENTS = YES;
				CLANG_WARN_EMPTY_BODY = YES;
				CLANG_WARN_ENUM_CONVERSION = YES;
				CLANG_WARN_INFINITE_RECURSION = YES;
				CLANG_WARN_INT_CONVERSION = YES;
				CLANG_WARN_NON_LITERAL_NULL_CONVERSION = YES;
				CLANG_WARN_OBJC_IMPLICIT_RETAIN_SELF = YES;
				CLANG_WARN_OBJC_LITERAL_CONVERSION = YES;
				CLANG_WARN_OBJC_ROOT_CLASS = YES_ERROR;
				CLANG_WARN_QUOTED_INCLUDE_IN_FRAMEWORK_HEADER = YES;
				CLANG_WARN_RANGE_LOOP_ANALYSIS = YES;
				CLANG_WARN_STRICT_PROTOTYPES = YES;
				CLANG_WARN_SUSPICIOUS_MOVE = YES;
				CLANG_WARN_UNGUARDED_AVAILABILITY = YES_AGGRESSIVE;
				CLANG_WARN_UNREACHABLE_CODE = YES;
				CLANG_WARN__DUPLICATE_METHOD_MATCH = YES;
				COPY_PHASE_STRIP = NO;
				DEBUG_INFORMATION_FORMAT = dwarf;
				ENABLE_STRICT_OBJC_MSGSEND = YES;
				ENABLE_TESTABILITY = YES;
				GCC_C_LANGUAGE_STANDARD = gnu11;
				GCC_DYNAMIC_NO_PIC = NO;
				GCC_NO_COMMON_BLOCKS = YES;
				GCC_OPTIMIZATION_LEVEL = 0;
				GCC_PREPROCESSOR_DEFINITIONS = (
					"DEBUG=1",
					"$(inherited)",
				);
				GCC_WARN_64_TO_32_BIT_CONVERSION = YES;
				GCC_WARN_ABOUT_RETURN_TYPE = YES_ERROR;
				GCC_WARN_UNDECLARED_SELECTOR = YES;
				GCC_WARN_UNINITIALIZED_AUTOS = YES_AGGRESSIVE;
				GCC_WARN_UNUSED_FUNCTION = YES;
				GCC_WARN_UNUSED_VARIABLE = YES;
				IPHONEOS_DEPLOYMENT_TARGET = 14.0;
				MTL_ENABLE_DEBUG_INFO = INCLUDE_SOURCE;
				MTL_FAST_MATH = YES;
				ONLY_ACTIVE_ARCH = YES;
				SDKROOT = iphoneos;
			};
			name = Debug;
		};
		26E47E2A2519A99400CE1776 /* Release */ = {
			isa = XCBuildConfiguration;
			buildSettings = {
				ALWAYS_SEARCH_USER_PATHS = NO;
				CLANG_ANALYZER_NONNULL = YES;
				CLANG_ANALYZER_NUMBER_OBJECT_CONVERSION = YES_AGGRESSIVE;
				CLANG_CXX_LANGUAGE_STANDARD = "gnu++14";
				CLANG_CXX_LIBRARY = "libc++";
				CLANG_ENABLE_MODULES = YES;
				CLANG_ENABLE_OBJC_ARC = YES;
				CLANG_ENABLE_OBJC_WEAK = YES;
				CLANG_WARN_BLOCK_CAPTURE_AUTORELEASING = YES;
				CLANG_WARN_BOOL_CONVERSION = YES;
				CLANG_WARN_COMMA = YES;
				CLANG_WARN_CONSTANT_CONVERSION = YES;
				CLANG_WARN_DEPRECATED_OBJC_IMPLEMENTATIONS = YES;
				CLANG_WARN_DIRECT_OBJC_ISA_USAGE = YES_ERROR;
				CLANG_WARN_DOCUMENTATION_COMMENTS = YES;
				CLANG_WARN_EMPTY_BODY = YES;
				CLANG_WARN_ENUM_CONVERSION = YES;
				CLANG_WARN_INFINITE_RECURSION = YES;
				CLANG_WARN_INT_CONVERSION = YES;
				CLANG_WARN_NON_LITERAL_NULL_CONVERSION = YES;
				CLANG_WARN_OBJC_IMPLICIT_RETAIN_SELF = YES;
				CLANG_WARN_OBJC_LITERAL_CONVERSION = YES;
				CLANG_WARN_OBJC_ROOT_CLASS = YES_ERROR;
				CLANG_WARN_QUOTED_INCLUDE_IN_FRAMEWORK_HEADER = YES;
				CLANG_WARN_RANGE_LOOP_ANALYSIS = YES;
				CLANG_WARN_STRICT_PROTOTYPES = YES;
				CLANG_WARN_SUSPICIOUS_MOVE = YES;
				CLANG_WARN_UNGUARDED_AVAILABILITY = YES_AGGRESSIVE;
				CLANG_WARN_UNREACHABLE_CODE = YES;
				CLANG_WARN__DUPLICATE_METHOD_MATCH = YES;
				COPY_PHASE_STRIP = NO;
				DEBUG_INFORMATION_FORMAT = "dwarf-with-dsym";
				ENABLE_NS_ASSERTIONS = NO;
				ENABLE_STRICT_OBJC_MSGSEND = YES;
				GCC_C_LANGUAGE_STANDARD = gnu11;
				GCC_NO_COMMON_BLOCKS = YES;
				GCC_WARN_64_TO_32_BIT_CONVERSION = YES;
				GCC_WARN_ABOUT_RETURN_TYPE = YES_ERROR;
				GCC_WARN_UNDECLARED_SELECTOR = YES;
				GCC_WARN_UNINITIALIZED_AUTOS = YES_AGGRESSIVE;
				GCC_WARN_UNUSED_FUNCTION = YES;
				GCC_WARN_UNUSED_VARIABLE = YES;
				IPHONEOS_DEPLOYMENT_TARGET = 14.0;
				MTL_ENABLE_DEBUG_INFO = NO;
				MTL_FAST_MATH = YES;
				SDKROOT = iphoneos;
				VALIDATE_PRODUCT = YES;
			};
			name = Release;
		};
		26E47E2C2519A99400CE1776 /* Debug */ = {
			isa = XCBuildConfiguration;
			buildSettings = {
				ASSETCATALOG_COMPILER_APPICON_NAME = AppIcon;
				ASSETCATALOG_COMPILER_GLOBAL_ACCENT_COLOR_NAME = AccentColor;
				CODE_SIGN_STYLE = Automatic;
				DEVELOPMENT_TEAM = PNKG96RZD2;
				INFOPLIST_FILE = zybb/Info.plist;
				LD_RUNPATH_SEARCH_PATHS = (
					"$(inherited)",
					"@executable_path/Frameworks",
				);
				PRODUCT_BUNDLE_IDENTIFIER = com.sunshine.zybb;
				PRODUCT_NAME = "$(TARGET_NAME)";
				TARGETED_DEVICE_FAMILY = "1,2";
			};
			name = Debug;
		};
		26E47E2D2519A99400CE1776 /* Release */ = {
			isa = XCBuildConfiguration;
			buildSettings = {
				ASSETCATALOG_COMPILER_APPICON_NAME = AppIcon;
				ASSETCATALOG_COMPILER_GLOBAL_ACCENT_COLOR_NAME = AccentColor;
				CODE_SIGN_STYLE = Automatic;
				DEVELOPMENT_TEAM = PNKG96RZD2;
				INFOPLIST_FILE = zybb/Info.plist;
				LD_RUNPATH_SEARCH_PATHS = (
					"$(inherited)",
					"@executable_path/Frameworks",
				);
				PRODUCT_BUNDLE_IDENTIFIER = com.sunshine.zybb;
				PRODUCT_NAME = "$(TARGET_NAME)";
				TARGETED_DEVICE_FAMILY = "1,2";
			};
			name = Release;
		};
		26E47E2F2519A99400CE1776 /* Debug */ = {
			isa = XCBuildConfiguration;
			buildSettings = {
				BUNDLE_LOADER = "$(TEST_HOST)";
				CODE_SIGN_STYLE = Automatic;
				DEVELOPMENT_TEAM = 28MCU34HH7;
				INFOPLIST_FILE = zybbTests/Info.plist;
				IPHONEOS_DEPLOYMENT_TARGET = 14.0;
				LD_RUNPATH_SEARCH_PATHS = (
					"$(inherited)",
					"@executable_path/Frameworks",
					"@loader_path/Frameworks",
				);
				PRODUCT_BUNDLE_IDENTIFIER = com.sun.zybbTests;
				PRODUCT_NAME = "$(TARGET_NAME)";
				TARGETED_DEVICE_FAMILY = "1,2";
				TEST_HOST = "$(BUILT_PRODUCTS_DIR)/zybb.app/zybb";
			};
			name = Debug;
		};
		26E47E302519A99400CE1776 /* Release */ = {
			isa = XCBuildConfiguration;
			buildSettings = {
				BUNDLE_LOADER = "$(TEST_HOST)";
				CODE_SIGN_STYLE = Automatic;
				DEVELOPMENT_TEAM = 28MCU34HH7;
				INFOPLIST_FILE = zybbTests/Info.plist;
				IPHONEOS_DEPLOYMENT_TARGET = 14.0;
				LD_RUNPATH_SEARCH_PATHS = (
					"$(inherited)",
					"@executable_path/Frameworks",
					"@loader_path/Frameworks",
				);
				PRODUCT_BUNDLE_IDENTIFIER = com.sun.zybbTests;
				PRODUCT_NAME = "$(TARGET_NAME)";
				TARGETED_DEVICE_FAMILY = "1,2";
				TEST_HOST = "$(BUILT_PRODUCTS_DIR)/zybb.app/zybb";
			};
			name = Release;
		};
		26E47E322519A99400CE1776 /* Debug */ = {
			isa = XCBuildConfiguration;
			buildSettings = {
				CODE_SIGN_STYLE = Automatic;
				DEVELOPMENT_TEAM = 28MCU34HH7;
				INFOPLIST_FILE = zybbUITests/Info.plist;
				LD_RUNPATH_SEARCH_PATHS = (
					"$(inherited)",
					"@executable_path/Frameworks",
					"@loader_path/Frameworks",
				);
				PRODUCT_BUNDLE_IDENTIFIER = com.sun.zybbUITests;
				PRODUCT_NAME = "$(TARGET_NAME)";
				TARGETED_DEVICE_FAMILY = "1,2";
				TEST_TARGET_NAME = zybb;
			};
			name = Debug;
		};
		26E47E332519A99400CE1776 /* Release */ = {
			isa = XCBuildConfiguration;
			buildSettings = {
				CODE_SIGN_STYLE = Automatic;
				DEVELOPMENT_TEAM = 28MCU34HH7;
				INFOPLIST_FILE = zybbUITests/Info.plist;
				LD_RUNPATH_SEARCH_PATHS = (
					"$(inherited)",
					"@executable_path/Frameworks",
					"@loader_path/Frameworks",
				);
				PRODUCT_BUNDLE_IDENTIFIER = com.sun.zybbUITests;
				PRODUCT_NAME = "$(TARGET_NAME)";
				TARGETED_DEVICE_FAMILY = "1,2";
				TEST_TARGET_NAME = zybb;
			};
			name = Release;
		};
/* End XCBuildConfiguration section */

/* Begin XCConfigurationList section */
		26E47DF72519A99200CE1776 /* Build configuration list for PBXProject "zybb" */ = {
			isa = XCConfigurationList;
			buildConfigurations = (
				26E47E292519A99400CE1776 /* Debug */,
				26E47E2A2519A99400CE1776 /* Release */,
			);
			defaultConfigurationIsVisible = 0;
			defaultConfigurationName = Release;
		};
		26E47E2B2519A99400CE1776 /* Build configuration list for PBXNativeTarget "zybb" */ = {
			isa = XCConfigurationList;
			buildConfigurations = (
				26E47E2C2519A99400CE1776 /* Debug */,
				26E47E2D2519A99400CE1776 /* Release */,
			);
			defaultConfigurationIsVisible = 0;
			defaultConfigurationName = Release;
		};
		26E47E2E2519A99400CE1776 /* Build configuration list for PBXNativeTarget "zybbTests" */ = {
			isa = XCConfigurationList;
			buildConfigurations = (
				26E47E2F2519A99400CE1776 /* Debug */,
				26E47E302519A99400CE1776 /* Release */,
			);
			defaultConfigurationIsVisible = 0;
			defaultConfigurationName = Release;
		};
		26E47E312519A99400CE1776 /* Build configuration list for PBXNativeTarget "zybbUITests" */ = {
			isa = XCConfigurationList;
			buildConfigurations = (
				26E47E322519A99400CE1776 /* Debug */,
				26E47E332519A99400CE1776 /* Release */,
			);
			defaultConfigurationIsVisible = 0;
			defaultConfigurationName = Release;
		};
/* End XCConfigurationList section */
	};
	rootObject = 26E47DF42519A99200CE1776 /* Project object */;
}
